
Microsoft Visual Studio Solution File, Format Version 12.00
# Visual Studio 2017
Project("{FAE04EC0-301F-11D3-BF4B-00C04F79EFBC}") = "CopyThat", "CopyThat.csproj", "{B7671536-180D-148C-4968-169893F73DED}"
EndProject
Project("{FAE04EC0-301F-11D3-BF4B-00C04F79EFBC}") = "CopyThat.Plugins", "CopyThat.Plugins.csproj", "{EF42A32D-2D72-4B4D-0444-42ECC4362AB9}"
EndProject
Global
	GlobalSection(SolutionConfigurationPlatforms) = preSolution
		Debug|Any CPU = Debug|Any CPU
		Release|Any CPU = Release|Any CPU
	EndGlobalSection
	GlobalSection(ProjectConfigurationPlatforms) = postSolution
		{B7671536-180D-148C-4968-169893F73DED}.Debug|Any CPU.ActiveCfg = Debug|Any CPU
		{B7671536-180D-148C-4968-169893F73DED}.Debug|Any CPU.Build.0 = Debug|Any CPU
		{B7671536-180D-148C-4968-169893F73DED}.Release|Any CPU.ActiveCfg = Release|Any CPU
		{B7671536-180D-148C-4968-169893F73DED}.Release|Any CPU.Build.0 = Release|Any CPU
		{EF42A32D-2D72-4B4D-0444-42ECC4362AB9}.Debug|Any CPU.ActiveCfg = Debug|Any CPU
		{EF42A32D-2D72-4B4D-0444-42ECC4362AB9}.Debug|Any CPU.Build.0 = Debug|Any CPU
		{EF42A32D-2D72-4B4D-0444-42ECC4362AB9}.Release|Any CPU.ActiveCfg = Release|Any CPU
		{EF42A32D-2D72-4B4D-0444-42ECC4362AB9}.Release|Any CPU.Build.0 = Release|Any CPU
	EndGlobalSection
	GlobalSection(SolutionProperties) = preSolution
		HideSolutionNode = FALSE
	EndGlobalSection
EndGlobal
